
Microsoft Visual Studio Solution File, Format Version 12.00
# Visual Studio Version 17
VisualStudioVersion = 17.14.36127.28 d17.14
MinimumVisualStudioVersion = 10.0.40219.1
Project("{FAE04EC0-301F-11D3-BF4B-00C04F79EFBC}") = "TemplateDemo", "TemplateDemo.csproj", "{F7B20C48-397C-4C4E-9D12-B573665B71E1}"
EndProject
Global
	GlobalSection(SolutionConfigurationPlatforms) = preSolution
		Debug|Any CPU = Debug|Any CPU
		Release|Any CPU = Release|Any CPU
	EndGlobalSection
	GlobalSection(ProjectConfigurationPlatforms) = postSolution
		{F7B20C48-397C-4C4E-9D12-B573665B71E1}.Debug|Any CPU.ActiveCfg = Debug|Any CPU
		{F7B20C48-397C-4C4E-9D12-B573665B71E1}.Debug|Any CPU.Build.0 = Debug|Any CPU
		{F7B20C48-397C-4C4E-9D12-B573665B71E1}.Release|Any CPU.ActiveCfg = Release|Any CPU
		{F7B20C48-397C-4C4E-9D12-B573665B71E1}.Release|Any CPU.Build.0 = Release|Any CPU
	EndGlobalSection
	GlobalSection(SolutionProperties) = preSolution
		HideSolutionNode = FALSE
	EndGlobalSection
	GlobalSection(ExtensibilityGlobals) = postSolution
		SolutionGuid = {1066C4EB-A2A1-45AE-8106-3F52649531B3}
	EndGlobalSection
EndGlobal
