
Microsoft Visual Studio Solution File, Format Version 12.00
# Visual Studio Version 17
VisualStudioVersion = 17.14.36127.28 d17.14
MinimumVisualStudioVersion = 10.0.40219.1
Project("{FAE04EC0-301F-11D3-BF4B-00C04F79EFBC}") = "DelegateDemonstration", "DelegateDemonstration\DelegateDemonstration.csproj", "{1FF7904E-888E-40BB-B753-998D962562D3}"
EndProject
Global
	GlobalSection(SolutionConfigurationPlatforms) = preSolution
		Debug|Any CPU = Debug|Any CPU
		Release|Any CPU = Release|Any CPU
	EndGlobalSection
	GlobalSection(ProjectConfigurationPlatforms) = postSolution
		{1FF7904E-888E-40BB-B753-998D962562D3}.Debug|Any CPU.ActiveCfg = Debug|Any CPU
		{1FF7904E-888E-40BB-B753-998D962562D3}.Debug|Any CPU.Build.0 = Debug|Any CPU
		{1FF7904E-888E-40BB-B753-998D962562D3}.Release|Any CPU.ActiveCfg = Release|Any CPU
		{1FF7904E-888E-40BB-B753-998D962562D3}.Release|Any CPU.Build.0 = Release|Any CPU
	EndGlobalSection
	GlobalSection(SolutionProperties) = preSolution
		HideSolutionNode = FALSE
	EndGlobalSection
	GlobalSection(ExtensibilityGlobals) = postSolution
		SolutionGuid = {0838710B-0493-42F9-9E56-CBF4F4E59B99}
	EndGlobalSection
EndGlobal
